
Microsoft Visual Studio Solution File, Format Version 12.00
Project("{FAE04EC0-301F-11D3-BF4B-00C04F79EFBC}") = "FoldingChair.Engine", "FoldingChair.Engine\FoldingChair.Engine.csproj", "{773AEEF9-D40A-4A2C-99AF-FE63FF1866E9}"
EndProject
Project("{FAE04EC0-301F-11D3-BF4B-00C04F79EFBC}") = "FoldingChair.CLI", "FoldingChair.CLI\FoldingChair.CLI.csproj", "{4C84580B-9216-4619-87A7-1C7038D078EF}"
EndProject
Project("{2150E333-8FDC-42A3-9474-1A3956D46DE8}") = "Tests", "Tests", "{71AAF1E6-FEE2-4B38-B756-2ADFFF96FAB7}"
EndProject
Project("{2150E333-8FDC-42A3-9474-1A3956D46DE8}") = "Core", "Core", "{02130559-E594-4456-AD60-2E056FF7839A}"
EndProject
Project("{FAE04EC0-301F-11D3-BF4B-00C04F79EFBC}") = "FoldingChair.Tests.NetCore.Arithmetic", "FoldingChair.Tests.NetCore.Arithmetic\FoldingChair.Tests.NetCore.Arithmetic.csproj", "{824D4A2F-68AF-4E41-84E3-167E6381BE4C}"
EndProject
Project("{FAE04EC0-301F-11D3-BF4B-00C04F79EFBC}") = "FoldingChair.Runtime", "FoldingChair.Runtime\FoldingChair.Runtime.csproj", "{4B55FEBF-1D4C-495C-951F-7C60DDF6E39B}"
EndProject
Global
	GlobalSection(SolutionConfigurationPlatforms) = preSolution
		Debug|Any CPU = Debug|Any CPU
		Release|Any CPU = Release|Any CPU
	EndGlobalSection
	GlobalSection(ProjectConfigurationPlatforms) = postSolution
		{773AEEF9-D40A-4A2C-99AF-FE63FF1866E9}.Debug|Any CPU.ActiveCfg = Debug|Any CPU
		{773AEEF9-D40A-4A2C-99AF-FE63FF1866E9}.Debug|Any CPU.Build.0 = Debug|Any CPU
		{773AEEF9-D40A-4A2C-99AF-FE63FF1866E9}.Release|Any CPU.ActiveCfg = Release|Any CPU
		{773AEEF9-D40A-4A2C-99AF-FE63FF1866E9}.Release|Any CPU.Build.0 = Release|Any CPU
		{4C84580B-9216-4619-87A7-1C7038D078EF}.Debug|Any CPU.ActiveCfg = Debug|Any CPU
		{4C84580B-9216-4619-87A7-1C7038D078EF}.Debug|Any CPU.Build.0 = Debug|Any CPU
		{4C84580B-9216-4619-87A7-1C7038D078EF}.Release|Any CPU.ActiveCfg = Release|Any CPU
		{4C84580B-9216-4619-87A7-1C7038D078EF}.Release|Any CPU.Build.0 = Release|Any CPU
		{824D4A2F-68AF-4E41-84E3-167E6381BE4C}.Debug|Any CPU.ActiveCfg = Debug|Any CPU
		{824D4A2F-68AF-4E41-84E3-167E6381BE4C}.Debug|Any CPU.Build.0 = Debug|Any CPU
		{824D4A2F-68AF-4E41-84E3-167E6381BE4C}.Release|Any CPU.ActiveCfg = Release|Any CPU
		{824D4A2F-68AF-4E41-84E3-167E6381BE4C}.Release|Any CPU.Build.0 = Release|Any CPU
		{4B55FEBF-1D4C-495C-951F-7C60DDF6E39B}.Debug|Any CPU.ActiveCfg = Debug|Any CPU
		{4B55FEBF-1D4C-495C-951F-7C60DDF6E39B}.Debug|Any CPU.Build.0 = Debug|Any CPU
		{4B55FEBF-1D4C-495C-951F-7C60DDF6E39B}.Release|Any CPU.ActiveCfg = Release|Any CPU
		{4B55FEBF-1D4C-495C-951F-7C60DDF6E39B}.Release|Any CPU.Build.0 = Release|Any CPU
	EndGlobalSection
	GlobalSection(NestedProjects) = preSolution
		{02130559-E594-4456-AD60-2E056FF7839A} = {71AAF1E6-FEE2-4B38-B756-2ADFFF96FAB7}
		{824D4A2F-68AF-4E41-84E3-167E6381BE4C} = {02130559-E594-4456-AD60-2E056FF7839A}
	EndGlobalSection
EndGlobal
